
Microsoft Visual Studio Solution File, Format Version 12.00
# Visual Studio 15
VisualStudioVersion = 15.0.27004.2005
MinimumVisualStudioVersion = 10.0.40219.1
Project("{FAE04EC0-301F-11D3-BF4B-00C04F79EFBC}") = "Demo.Android", "Demo\Demo.Android\Demo.Android.csproj", "{5CF2E566-2608-458A-B01F-70873EDBDB15}"
EndProject
Project("{FAE04EC0-301F-11D3-BF4B-00C04F79EFBC}") = "Demo", "Demo\Demo\Demo.csproj", "{30A1B455-2562-4623-B04C-BF9F1F9C09D8}"
EndProject
Project("{FAE04EC0-301F-11D3-BF4B-00C04F79EFBC}") = "Demo.iOS", "Demo\Demo.iOS\Demo.iOS.csproj", "{5F883CF9-576E-4A34-AC67-8DF21F3DE308}"
EndProject
Global
	GlobalSection(SolutionConfigurationPlatforms) = preSolution
		Ad-Hoc|Any CPU = Ad-Hoc|Any CPU
		Ad-Hoc|ARM = Ad-Hoc|ARM
		Ad-Hoc|iPhone = Ad-Hoc|iPhone
		Ad-Hoc|iPhoneSimulator = Ad-Hoc|iPhoneSimulator
		Ad-Hoc|x64 = Ad-Hoc|x64
		Ad-Hoc|x86 = Ad-Hoc|x86
		AppStore|Any CPU = AppStore|Any CPU
		AppStore|ARM = AppStore|ARM
		AppStore|iPhone = AppStore|iPhone
		AppStore|iPhoneSimulator = AppStore|iPhoneSimulator
		AppStore|x64 = AppStore|x64
		AppStore|x86 = AppStore|x86
		Debug|Any CPU = Debug|Any CPU
		Debug|ARM = Debug|ARM
		Debug|iPhone = Debug|iPhone
		Debug|iPhoneSimulator = Debug|iPhoneSimulator
		Debug|x64 = Debug|x64
		Debug|x86 = Debug|x86
		Release|Any CPU = Release|Any CPU
		Release|ARM = Release|ARM
		Release|iPhone = Release|iPhone
		Release|iPhoneSimulator = Release|iPhoneSimulator
		Release|x64 = Release|x64
		Release|x86 = Release|x86
	EndGlobalSection
	GlobalSection(ProjectConfigurationPlatforms) = postSolution
		{5CF2E566-2608-458A-B01F-70873EDBDB15}.Ad-Hoc|Any CPU.ActiveCfg = Release|Any CPU
		{5CF2E566-2608-458A-B01F-70873EDBDB15}.Ad-Hoc|Any CPU.Build.0 = Release|Any CPU
		{5CF2E566-2608-458A-B01F-70873EDBDB15}.Ad-Hoc|Any CPU.Deploy.0 = Release|Any CPU
		{5CF2E566-2608-458A-B01F-70873EDBDB15}.Ad-Hoc|ARM.ActiveCfg = Release|Any CPU
		{5CF2E566-2608-458A-B01F-70873EDBDB15}.Ad-Hoc|ARM.Build.0 = Release|Any CPU
		{5CF2E566-2608-458A-B01F-70873EDBDB15}.Ad-Hoc|ARM.Deploy.0 = Release|Any CPU
		{5CF2E566-2608-458A-B01F-70873EDBDB15}.Ad-Hoc|iPhone.ActiveCfg = Release|Any CPU
		{5CF2E566-2608-458A-B01F-70873EDBDB15}.Ad-Hoc|iPhone.Build.0 = Release|Any CPU
		{5CF2E566-2608-458A-B01F-70873EDBDB15}.Ad-Hoc|iPhone.Deploy.0 = Release|Any CPU
		{5CF2E566-2608-458A-B01F-70873EDBDB15}.Ad-Hoc|iPhoneSimulator.ActiveCfg = Release|Any CPU
		{5CF2E566-2608-458A-B01F-70873EDBDB15}.Ad-Hoc|iPhoneSimulator.Build.0 = Release|Any CPU
		{5CF2E566-2608-458A-B01F-70873EDBDB15}.Ad-Hoc|iPhoneSimulator.Deploy.0 = Release|Any CPU
		{5CF2E566-2608-458A-B01F-70873EDBDB15}.Ad-Hoc|x64.ActiveCfg = Release|Any CPU
		{5CF2E566-2608-458A-B01F-70873EDBDB15}.Ad-Hoc|x64.Build.0 = Release|Any CPU
		{5CF2E566-2608-458A-B01F-70873EDBDB15}.Ad-Hoc|x64.Deploy.0 = Release|Any CPU
		{5CF2E566-2608-458A-B01F-70873EDBDB15}.Ad-Hoc|x86.ActiveCfg = Release|Any CPU
		{5CF2E566-2608-458A-B01F-70873EDBDB15}.Ad-Hoc|x86.Build.0 = Release|Any CPU
		{5CF2E566-2608-458A-B01F-70873EDBDB15}.Ad-Hoc|x86.Deploy.0 = Release|Any CPU
		{5CF2E566-2608-458A-B01F-70873EDBDB15}.AppStore|Any CPU.ActiveCfg = Release|Any CPU
		{5CF2E566-2608-458A-B01F-70873EDBDB15}.AppStore|Any CPU.Build.0 = Release|Any CPU
		{5CF2E566-2608-458A-B01F-70873EDBDB15}.AppStore|Any CPU.Deploy.0 = Release|Any CPU
		{5CF2E566-2608-458A-B01F-70873EDBDB15}.AppStore|ARM.ActiveCfg = Release|Any CPU
		{5CF2E566-2608-458A-B01F-70873EDBDB15}.AppStore|ARM.Build.0 = Release|Any CPU
		{5CF2E566-2608-458A-B01F-70873EDBDB15}.AppStore|ARM.Deploy.0 = Release|Any CPU
		{5CF2E566-2608-458A-B01F-70873EDBDB15}.AppStore|iPhone.ActiveCfg = Release|Any CPU
		{5CF2E566-2608-458A-B01F-70873EDBDB15}.AppStore|iPhone.Build.0 = Release|Any CPU
		{5CF2E566-2608-458A-B01F-70873EDBDB15}.AppStore|iPhone.Deploy.0 = Release|Any CPU
		{5CF2E566-2608-458A-B01F-70873EDBDB15}.AppStore|iPhoneSimulator.ActiveCfg = Release|Any CPU
		{5CF2E566-2608-458A-B01F-70873EDBDB15}.AppStore|iPhoneSimulator.Build.0 = Release|Any CPU
		{5CF2E566-2608-458A-B01F-70873EDBDB15}.AppStore|iPhoneSimulator.Deploy.0 = Release|Any CPU
		{5CF2E566-2608-458A-B01F-70873EDBDB15}.AppStore|x64.ActiveCfg = Release|Any CPU
		{5CF2E566-2608-458A-B01F-70873EDBDB15}.AppStore|x64.Build.0 = Release|Any CPU
		{5CF2E566-2608-458A-B01F-70873EDBDB15}.AppStore|x64.Deploy.0 = Release|Any CPU
		{5CF2E566-2608-458A-B01F-70873EDBDB15}.AppStore|x86.ActiveCfg = Release|Any CPU
		{5CF2E566-2608-458A-B01F-70873EDBDB15}.AppStore|x86.Build.0 = Release|Any CPU
		{5CF2E566-2608-458A-B01F-70873EDBDB15}.AppStore|x86.Deploy.0 = Release|Any CPU
		{5CF2E566-2608-458A-B01F-70873EDBDB15}.Debug|Any CPU.ActiveCfg = Debug|Any CPU
		{5CF2E566-2608-458A-B01F-70873EDBDB15}.Debug|Any CPU.Build.0 = Debug|Any CPU
		{5CF2E566-2608-458A-B01F-70873EDBDB15}.Debug|Any CPU.Deploy.0 = Debug|Any CPU
		{5CF2E566-2608-458A-B01F-70873EDBDB15}.Debug|ARM.ActiveCfg = Debug|Any CPU
		{5CF2E566-2608-458A-B01F-70873EDBDB15}.Debug|ARM.Build.0 = Debug|Any CPU
		{5CF2E566-2608-458A-B01F-70873EDBDB15}.Debug|ARM.Deploy.0 = Debug|Any CPU
		{5CF2E566-2608-458A-B01F-70873EDBDB15}.Debug|iPhone.ActiveCfg = Debug|Any CPU
		{5CF2E566-2608-458A-B01F-70873EDBDB15}.Debug|iPhone.Build.0 = Debug|Any CPU
		{5CF2E566-2608-458A-B01F-70873EDBDB15}.Debug|iPhone.Deploy.0 = Debug|Any CPU
		{5CF2E566-2608-458A-B01F-70873EDBDB15}.Debug|iPhoneSimulator.ActiveCfg = Debug|Any CPU
		{5CF2E566-2608-458A-B01F-70873EDBDB15}.Debug|iPhoneSimulator.Build.0 = Debug|Any CPU
		{5CF2E566-2608-458A-B01F-70873EDBDB15}.Debug|iPhoneSimulator.Deploy.0 = Debug|Any CPU
		{5CF2E566-2608-458A-B01F-70873EDBDB15}.Debug|x64.ActiveCfg = Debug|Any CPU
		{5CF2E566-2608-458A-B01F-70873EDBDB15}.Debug|x64.Build.0 = Debug|Any CPU
		{5CF2E566-2608-458A-B01F-70873EDBDB15}.Debug|x64.Deploy.0 = Debug|Any CPU
		{5CF2E566-2608-458A-B01F-70873EDBDB15}.Debug|x86.ActiveCfg = Debug|Any CPU
		{5CF2E566-2608-458A-B01F-70873EDBDB15}.Debug|x86.Build.0 = Debug|Any CPU
		{5CF2E566-2608-458A-B01F-70873EDBDB15}.Debug|x86.Deploy.0 = Debug|Any CPU
		{5CF2E566-2608-458A-B01F-70873EDBDB15}.Release|Any CPU.ActiveCfg = Release|Any CPU
		{5CF2E566-2608-458A-B01F-70873EDBDB15}.Release|Any CPU.Build.0 = Release|Any CPU
		{5CF2E566-2608-458A-B01F-70873EDBDB15}.Release|Any CPU.Deploy.0 = Release|Any CPU
		{5CF2E566-2608-458A-B01F-70873EDBDB15}.Release|ARM.ActiveCfg = Release|Any CPU
		{5CF2E566-2608-458A-B01F-70873EDBDB15}.Release|ARM.Build.0 = Release|Any CPU
		{5CF2E566-2608-458A-B01F-70873EDBDB15}.Release|ARM.Deploy.0 = Release|Any CPU
		{5CF2E566-2608-458A-B01F-70873EDBDB15}.Release|iPhone.ActiveCfg = Release|Any CPU
		{5CF2E566-2608-458A-B01F-70873EDBDB15}.Release|iPhone.Build.0 = Release|Any CPU
		{5CF2E566-2608-458A-B01F-70873EDBDB15}.Release|iPhone.Deploy.0 = Release|Any CPU
		{5CF2E566-2608-458A-B01F-70873EDBDB15}.Release|iPhoneSimulator.ActiveCfg = Release|Any CPU
		{5CF2E566-2608-458A-B01F-70873EDBDB15}.Release|iPhoneSimulator.Build.0 = Release|Any CPU
		{5CF2E566-2608-458A-B01F-70873EDBDB15}.Release|iPhoneSimulator.Deploy.0 = Release|Any CPU
		{5CF2E566-2608-458A-B01F-70873EDBDB15}.Release|x64.ActiveCfg = Release|Any CPU
		{5CF2E566-2608-458A-B01F-70873EDBDB15}.Release|x64.Build.0 = Release|Any CPU
		{5CF2E566-2608-458A-B01F-70873EDBDB15}.Release|x64.Deploy.0 = Release|Any CPU
		{5CF2E566-2608-458A-B01F-70873EDBDB15}.Release|x86.ActiveCfg = Release|Any CPU
		{5CF2E566-2608-458A-B01F-70873EDBDB15}.Release|x86.Build.0 = Release|Any CPU
		{5CF2E566-2608-458A-B01F-70873EDBDB15}.Release|x86.Deploy.0 = Release|Any CPU
		{30A1B455-2562-4623-B04C-BF9F1F9C09D8}.Ad-Hoc|Any CPU.ActiveCfg = Release|Any CPU
		{30A1B455-2562-4623-B04C-BF9F1F9C09D8}.Ad-Hoc|Any CPU.Build.0 = Release|Any CPU
		{30A1B455-2562-4623-B04C-BF9F1F9C09D8}.Ad-Hoc|ARM.ActiveCfg = Release|Any CPU
		{30A1B455-2562-4623-B04C-BF9F1F9C09D8}.Ad-Hoc|ARM.Build.0 = Release|Any CPU
		{30A1B455-2562-4623-B04C-BF9F1F9C09D8}.Ad-Hoc|iPhone.ActiveCfg = Release|Any CPU
		{30A1B455-2562-4623-B04C-BF9F1F9C09D8}.Ad-Hoc|iPhone.Build.0 = Release|Any CPU
		{30A1B455-2562-4623-B04C-BF9F1F9C09D8}.Ad-Hoc|iPhoneSimulator.ActiveCfg = Release|Any CPU
		{30A1B455-2562-4623-B04C-BF9F1F9C09D8}.Ad-Hoc|iPhoneSimulator.Build.0 = Release|Any CPU
		{30A1B455-2562-4623-B04C-BF9F1F9C09D8}.Ad-Hoc|x64.ActiveCfg = Release|Any CPU
		{30A1B455-2562-4623-B04C-BF9F1F9C09D8}.Ad-Hoc|x64.Build.0 = Release|Any CPU
		{30A1B455-2562-4623-B04C-BF9F1F9C09D8}.Ad-Hoc|x86.ActiveCfg = Release|Any CPU
		{30A1B455-2562-4623-B04C-BF9F1F9C09D8}.Ad-Hoc|x86.Build.0 = Release|Any CPU
		{30A1B455-2562-4623-B04C-BF9F1F9C09D8}.AppStore|Any CPU.ActiveCfg = Release|Any CPU
		{30A1B455-2562-4623-B04C-BF9F1F9C09D8}.AppStore|Any CPU.Build.0 = Release|Any CPU
		{30A1B455-2562-4623-B04C-BF9F1F9C09D8}.AppStore|ARM.ActiveCfg = Release|Any CPU
		{30A1B455-2562-4623-B04C-BF9F1F9C09D8}.AppStore|ARM.Build.0 = Release|Any CPU
		{30A1B455-2562-4623-B04C-BF9F1F9C09D8}.AppStore|iPhone.ActiveCfg = Release|Any CPU
		{30A1B455-2562-4623-B04C-BF9F1F9C09D8}.AppStore|iPhone.Build.0 = Release|Any CPU
		{30A1B455-2562-4623-B04C-BF9F1F9C09D8}.AppStore|iPhoneSimulator.ActiveCfg = Release|Any CPU
		{30A1B455-2562-4623-B04C-BF9F1F9C09D8}.AppStore|iPhoneSimulator.Build.0 = Release|Any CPU
		{30A1B455-2562-4623-B04C-BF9F1F9C09D8}.AppStore|x64.ActiveCfg = Release|Any CPU
		{30A1B455-2562-4623-B04C-BF9F1F9C09D8}.AppStore|x64.Build.0 = Release|Any CPU
		{30A1B455-2562-4623-B04C-BF9F1F9C09D8}.AppStore|x86.ActiveCfg = Release|Any CPU
		{30A1B455-2562-4623-B04C-BF9F1F9C09D8}.AppStore|x86.Build.0 = Release|Any CPU
		{30A1B455-2562-4623-B04C-BF9F1F9C09D8}.Debug|Any CPU.ActiveCfg = Debug|Any CPU
		{30A1B455-2562-4623-B04C-BF9F1F9C09D8}.Debug|Any CPU.Build.0 = Debug|Any CPU
		{30A1B455-2562-4623-B04C-BF9F1F9C09D8}.Debug|ARM.ActiveCfg = Debug|Any CPU
		{30A1B455-2562-4623-B04C-BF9F1F9C09D8}.Debug|ARM.Build.0 = Debug|Any CPU
		{30A1B455-2562-4623-B04C-BF9F1F9C09D8}.Debug|iPhone.ActiveCfg = Debug|Any CPU
		{30A1B455-2562-4623-B04C-BF9F1F9C09D8}.Debug|iPhone.Build.0 = Debug|Any CPU
		{30A1B455-2562-4623-B04C-BF9F1F9C09D8}.Debug|iPhoneSimulator.ActiveCfg = Debug|Any CPU
		{30A1B455-2562-4623-B04C-BF9F1F9C09D8}.Debug|iPhoneSimulator.Build.0 = Debug|Any CPU
		{30A1B455-2562-4623-B04C-BF9F1F9C09D8}.Debug|x64.ActiveCfg = Debug|Any CPU
		{30A1B455-2562-4623-B04C-BF9F1F9C09D8}.Debug|x64.Build.0 = Debug|Any CPU
		{30A1B455-2562-4623-B04C-BF9F1F9C09D8}.Debug|x86.ActiveCfg = Debug|Any CPU
		{30A1B455-2562-4623-B04C-BF9F1F9C09D8}.Debug|x86.Build.0 = Debug|Any CPU
		{30A1B455-2562-4623-B04C-BF9F1F9C09D8}.Release|Any CPU.ActiveCfg = Release|Any CPU
		{30A1B455-2562-4623-B04C-BF9F1F9C09D8}.Release|Any CPU.Build.0 = Release|Any CPU
		{30A1B455-2562-4623-B04C-BF9F1F9C09D8}.Release|ARM.ActiveCfg = Release|Any CPU
		{30A1B455-2562-4623-B04C-BF9F1F9C09D8}.Release|ARM.Build.0 = Release|Any CPU
		{30A1B455-2562-4623-B04C-BF9F1F9C09D8}.Release|iPhone.ActiveCfg = Release|Any CPU
		{30A1B455-2562-4623-B04C-BF9F1F9C09D8}.Release|iPhone.Build.0 = Release|Any CPU
		{30A1B455-2562-4623-B04C-BF9F1F9C09D8}.Release|iPhoneSimulator.ActiveCfg = Release|Any CPU
		{30A1B455-2562-4623-B04C-BF9F1F9C09D8}.Release|iPhoneSimulator.Build.0 = Release|Any CPU
		{30A1B455-2562-4623-B04C-BF9F1F9C09D8}.Release|x64.ActiveCfg = Release|Any CPU
		{30A1B455-2562-4623-B04C-BF9F1F9C09D8}.Release|x64.Build.0 = Release|Any CPU
		{30A1B455-2562-4623-B04C-BF9F1F9C09D8}.Release|x86.ActiveCfg = Release|Any CPU
		{30A1B455-2562-4623-B04C-BF9F1F9C09D8}.Release|x86.Build.0 = Release|Any CPU
		{5F883CF9-576E-4A34-AC67-8DF21F3DE308}.Ad-Hoc|Any CPU.ActiveCfg = Ad-Hoc|iPhoneSimulator
		{5F883CF9-576E-4A34-AC67-8DF21F3DE308}.Ad-Hoc|ARM.ActiveCfg = Ad-Hoc|iPhone
		{5F883CF9-576E-4A34-AC67-8DF21F3DE308}.Ad-Hoc|iPhone.ActiveCfg = Ad-Hoc|iPhone
		{5F883CF9-576E-4A34-AC67-8DF21F3DE308}.Ad-Hoc|iPhone.Build.0 = Ad-Hoc|iPhone
		{5F883CF9-576E-4A34-AC67-8DF21F3DE308}.Ad-Hoc|iPhoneSimulator.ActiveCfg = Ad-Hoc|iPhoneSimulator
		{5F883CF9-576E-4A34-AC67-8DF21F3DE308}.Ad-Hoc|iPhoneSimulator.Build.0 = Ad-Hoc|iPhoneSimulator
		{5F883CF9-576E-4A34-AC67-8DF21F3DE308}.Ad-Hoc|x64.ActiveCfg = Ad-Hoc|iPhone
		{5F883CF9-576E-4A34-AC67-8DF21F3DE308}.Ad-Hoc|x86.ActiveCfg = Ad-Hoc|iPhone
		{5F883CF9-576E-4A34-AC67-8DF21F3DE308}.AppStore|Any CPU.ActiveCfg = AppStore|iPhoneSimulator
		{5F883CF9-576E-4A34-AC67-8DF21F3DE308}.AppStore|ARM.ActiveCfg = AppStore|iPhone
		{5F883CF9-576E-4A34-AC67-8DF21F3DE308}.AppStore|iPhone.ActiveCfg = AppStore|iPhone
		{5F883CF9-576E-4A34-AC67-8DF21F3DE308}.AppStore|iPhone.Build.0 = AppStore|iPhone
		{5F883CF9-576E-4A34-AC67-8DF21F3DE308}.AppStore|iPhoneSimulator.ActiveCfg = AppStore|iPhoneSimulator
		{5F883CF9-576E-4A34-AC67-8DF21F3DE308}.AppStore|iPhoneSimulator.Build.0 = AppStore|iPhoneSimulator
		{5F883CF9-576E-4A34-AC67-8DF21F3DE308}.AppStore|x64.ActiveCfg = AppStore|iPhone
		{5F883CF9-576E-4A34-AC67-8DF21F3DE308}.AppStore|x86.ActiveCfg = AppStore|iPhone
		{5F883CF9-576E-4A34-AC67-8DF21F3DE308}.Debug|Any CPU.ActiveCfg = Debug|iPhoneSimulator
		{5F883CF9-576E-4A34-AC67-8DF21F3DE308}.Debug|ARM.ActiveCfg = Debug|iPhone
		{5F883CF9-576E-4A34-AC67-8DF21F3DE308}.Debug|iPhone.ActiveCfg = Debug|iPhone
		{5F883CF9-576E-4A34-AC67-8DF21F3DE308}.Debug|iPhone.Build.0 = Debug|iPhone
		{5F883CF9-576E-4A34-AC67-8DF21F3DE308}.Debug|iPhoneSimulator.ActiveCfg = Debug|iPhoneSimulator
		{5F883CF9-576E-4A34-AC67-8DF21F3DE308}.Debug|iPhoneSimulator.Build.0 = Debug|iPhoneSimulator
		{5F883CF9-576E-4A34-AC67-8DF21F3DE308}.Debug|x64.ActiveCfg = Debug|iPhone
		{5F883CF9-576E-4A34-AC67-8DF21F3DE308}.Debug|x86.ActiveCfg = Debug|iPhone
		{5F883CF9-576E-4A34-AC67-8DF21F3DE308}.Release|Any CPU.ActiveCfg = Release|iPhoneSimulator
		{5F883CF9-576E-4A34-AC67-8DF21F3DE308}.Release|ARM.ActiveCfg = Release|iPhone
		{5F883CF9-576E-4A34-AC67-8DF21F3DE308}.Release|iPhone.ActiveCfg = Release|iPhone
		{5F883CF9-576E-4A34-AC67-8DF21F3DE308}.Release|iPhone.Build.0 = Release|iPhone
		{5F883CF9-576E-4A34-AC67-8DF21F3DE308}.Release|iPhoneSimulator.ActiveCfg = Release|iPhoneSimulator
		{5F883CF9-576E-4A34-AC67-8DF21F3DE308}.Release|iPhoneSimulator.Build.0 = Release|iPhoneSimulator
		{5F883CF9-576E-4A34-AC67-8DF21F3DE308}.Release|x64.ActiveCfg = Release|iPhone
		{5F883CF9-576E-4A34-AC67-8DF21F3DE308}.Release|x86.ActiveCfg = Release|iPhone
	EndGlobalSection
	GlobalSection(SolutionProperties) = preSolution
		HideSolutionNode = FALSE
	EndGlobalSection
	GlobalSection(ExtensibilityGlobals) = postSolution
		SolutionGuid = {483FF4CF-6D04-4D25-8729-FB16352F4DDD}
	EndGlobalSection
EndGlobal
